// !$*UTF8*$!
{
	archiveVersion = 1;
	classes = {
	};
	objectVersion = 56;
	objects = {

/* Begin PBXBuildFile section */
		D893B8A3F65FD27139243F30 /* Pods_TheRickAndMortyApp.framework in Frameworks */ = {isa = PBXBuildFile; fileRef = 608152B3CDF4CA04D37471E0 /* Pods_TheRickAndMortyApp.framework */; };
		E76BEE372CE6451A000FB38A /* GoogleService-Info.plist in Resources */ = {isa = PBXBuildFile; fileRef = E76BEE362CE6451A000FB38A /* GoogleService-Info.plist */; };
		E76BEE392CE654B3000FB38A /* RegisterViewModel.swift in Sources */ = {isa = PBXBuildFile; fileRef = E76BEE382CE654A5000FB38A /* RegisterViewModel.swift */; };
		E76BEE3C2CE654DC000FB38A /* RegisterViewController.swift in Sources */ = {isa = PBXBuildFile; fileRef = E76BEE3B2CE654DA000FB38A /* RegisterViewController.swift */; };
		E76BEE402CE686AB000FB38A /* HomeViewModel.swift in Sources */ = {isa = PBXBuildFile; fileRef = E76BEE3F2CE686AB000FB38A /* HomeViewModel.swift */; };
		E76BEE432CE68715000FB38A /* HomeCharacters.swift in Sources */ = {isa = PBXBuildFile; fileRef = E76BEE422CE68715000FB38A /* HomeCharacters.swift */; };
		E76BEE462CE68772000FB38A /* HomeCharactersService.swift in Sources */ = {isa = PBXBuildFile; fileRef = E76BEE452CE6876B000FB38A /* HomeCharactersService.swift */; };
		E76BEE492CE69AC6000FB38A /* CharacterCell.swift in Sources */ = {isa = PBXBuildFile; fileRef = E76BEE482CE69AC6000FB38A /* CharacterCell.swift */; };
		E7791B122CE542F300AAC8C6 /* HomeViewController.swift in Sources */ = {isa = PBXBuildFile; fileRef = E7791B112CE542F300AAC8C6 /* HomeViewController.swift */; };
		E7791B142CE543C300AAC8C6 /* EpisodeViewController.swift in Sources */ = {isa = PBXBuildFile; fileRef = E7791B132CE543C300AAC8C6 /* EpisodeViewController.swift */; };
		E7791B162CE543D700AAC8C6 /* LocationViewController.swift in Sources */ = {isa = PBXBuildFile; fileRef = E7791B152CE543D700AAC8C6 /* LocationViewController.swift */; };
		E7791B202CE569CC00AAC8C6 /* LoginViewController.swift in Sources */ = {isa = PBXBuildFile; fileRef = E7791B1F2CE569CC00AAC8C6 /* LoginViewController.swift */; };
		E7791B222CE569E300AAC8C6 /* LoginViewModel.swift in Sources */ = {isa = PBXBuildFile; fileRef = E7791B212CE569E300AAC8C6 /* LoginViewModel.swift */; };
		E7791B242CE56A4200AAC8C6 /* AuthServices.swift in Sources */ = {isa = PBXBuildFile; fileRef = E7791B232CE56A4200AAC8C6 /* AuthServices.swift */; };
		E7791B2B2CE56ADA00AAC8C6 /* UserProfile.swift in Sources */ = {isa = PBXBuildFile; fileRef = E7791B2A2CE56ADA00AAC8C6 /* UserProfile.swift */; };
		E77AD6EC2CE741F300B8D6C2 /* FilterPopUpViewController.swift in Sources */ = {isa = PBXBuildFile; fileRef = E77AD6EB2CE741F300B8D6C2 /* FilterPopUpViewController.swift */; };
		E77AD6EE2CE7467500B8D6C2 /* GetColors.swift in Sources */ = {isa = PBXBuildFile; fileRef = E77AD6ED2CE7467500B8D6C2 /* GetColors.swift */; };
		E77AD6F02CE76BDD00B8D6C2 /* AppCoordinator.swift in Sources */ = {isa = PBXBuildFile; fileRef = E77AD6EF2CE76BDD00B8D6C2 /* AppCoordinator.swift */; };
		E77AD6F22CE7966300B8D6C2 /* ImageCache.swift in Sources */ = {isa = PBXBuildFile; fileRef = E77AD6F12CE7966300B8D6C2 /* ImageCache.swift */; };
		E7AAFD652CE510A200B54A0E /* AppDelegate.swift in Sources */ = {isa = PBXBuildFile; fileRef = E7AAFD642CE510A200B54A0E /* AppDelegate.swift */; };
		E7AAFD672CE510A200B54A0E /* SceneDelegate.swift in Sources */ = {isa = PBXBuildFile; fileRef = E7AAFD662CE510A200B54A0E /* SceneDelegate.swift */; };
		E7AAFD692CE510A200B54A0E /* MainTabBarController.swift in Sources */ = {isa = PBXBuildFile; fileRef = E7AAFD682CE510A200B54A0E /* MainTabBarController.swift */; };
		E7AAFD6E2CE510A300B54A0E /* Assets.xcassets in Resources */ = {isa = PBXBuildFile; fileRef = E7AAFD6D2CE510A300B54A0E /* Assets.xcassets */; };
		E7AAFD712CE510A300B54A0E /* Base in Resources */ = {isa = PBXBuildFile; fileRef = E7AAFD702CE510A300B54A0E /* Base */; };
/* End PBXBuildFile section */

/* Begin PBXFileReference section */
		44BD160C5288AD2C77662DDD /* Pods-TheRickAndMortyApp.release.xcconfig */ = {isa = PBXFileReference; includeInIndex = 1; lastKnownFileType = text.xcconfig; name = "Pods-TheRickAndMortyApp.release.xcconfig"; path = "Target Support Files/Pods-TheRickAndMortyApp/Pods-TheRickAndMortyApp.release.xcconfig"; sourceTree = "<group>"; };
		608152B3CDF4CA04D37471E0 /* Pods_TheRickAndMortyApp.framework */ = {isa = PBXFileReference; explicitFileType = wrapper.framework; includeInIndex = 0; path = Pods_TheRickAndMortyApp.framework; sourceTree = BUILT_PRODUCTS_DIR; };
		BFB82D5BFC5A5633B78EBEF0 /* Pods-TheRickAndMortyApp.debug.xcconfig */ = {isa = PBXFileReference; includeInIndex = 1; lastKnownFileType = text.xcconfig; name = "Pods-TheRickAndMortyApp.debug.xcconfig"; path = "Target Support Files/Pods-TheRickAndMortyApp/Pods-TheRickAndMortyApp.debug.xcconfig"; sourceTree = "<group>"; };
		E76BEE362CE6451A000FB38A /* GoogleService-Info.plist */ = {isa = PBXFileReference; lastKnownFileType = text.plist.xml; path = "GoogleService-Info.plist"; sourceTree = "<group>"; };
		E76BEE382CE654A5000FB38A /* RegisterViewModel.swift */ = {isa = PBXFileReference; lastKnownFileType = sourcecode.swift; path = RegisterViewModel.swift; sourceTree = "<group>"; };
		E76BEE3B2CE654DA000FB38A /* RegisterViewController.swift */ = {isa = PBXFileReference; lastKnownFileType = sourcecode.swift; path = RegisterViewController.swift; sourceTree = "<group>"; };
		E76BEE3F2CE686AB000FB38A /* HomeViewModel.swift */ = {isa = PBXFileReference; lastKnownFileType = sourcecode.swift; path = HomeViewModel.swift; sourceTree = "<group>"; };
		E76BEE422CE68715000FB38A /* HomeCharacters.swift */ = {isa = PBXFileReference; lastKnownFileType = sourcecode.swift; path = HomeCharacters.swift; sourceTree = "<group>"; };
		E76BEE452CE6876B000FB38A /* HomeCharactersService.swift */ = {isa = PBXFileReference; lastKnownFileType = sourcecode.swift; path = HomeCharactersService.swift; sourceTree = "<group>"; };
		E76BEE482CE69AC6000FB38A /* CharacterCell.swift */ = {isa = PBXFileReference; lastKnownFileType = sourcecode.swift; path = CharacterCell.swift; sourceTree = "<group>"; };
		E7791B112CE542F300AAC8C6 /* HomeViewController.swift */ = {isa = PBXFileReference; lastKnownFileType = sourcecode.swift; path = HomeViewController.swift; sourceTree = "<group>"; };
		E7791B132CE543C300AAC8C6 /* EpisodeViewController.swift */ = {isa = PBXFileReference; lastKnownFileType = sourcecode.swift; path = EpisodeViewController.swift; sourceTree = "<group>"; };
		E7791B152CE543D700AAC8C6 /* LocationViewController.swift */ = {isa = PBXFileReference; lastKnownFileType = sourcecode.swift; path = LocationViewController.swift; sourceTree = "<group>"; };
		E7791B1F2CE569CC00AAC8C6 /* LoginViewController.swift */ = {isa = PBXFileReference; lastKnownFileType = sourcecode.swift; path = LoginViewController.swift; sourceTree = "<group>"; };
		E7791B212CE569E300AAC8C6 /* LoginViewModel.swift */ = {isa = PBXFileReference; lastKnownFileType = sourcecode.swift; path = LoginViewModel.swift; sourceTree = "<group>"; };
		E7791B232CE56A4200AAC8C6 /* AuthServices.swift */ = {isa = PBXFileReference; lastKnownFileType = sourcecode.swift; path = AuthServices.swift; sourceTree = "<group>"; };
		E7791B2A2CE56ADA00AAC8C6 /* UserProfile.swift */ = {isa = PBXFileReference; lastKnownFileType = sourcecode.swift; path = UserProfile.swift; sourceTree = "<group>"; };
		E77AD6EB2CE741F300B8D6C2 /* FilterPopUpViewController.swift */ = {isa = PBXFileReference; lastKnownFileType = sourcecode.swift; path = FilterPopUpViewController.swift; sourceTree = "<group>"; };
		E77AD6ED2CE7467500B8D6C2 /* GetColors.swift */ = {isa = PBXFileReference; lastKnownFileType = sourcecode.swift; path = GetColors.swift; sourceTree = "<group>"; };
		E77AD6EF2CE76BDD00B8D6C2 /* AppCoordinator.swift */ = {isa = PBXFileReference; lastKnownFileType = sourcecode.swift; path = AppCoordinator.swift; sourceTree = "<group>"; };
		E77AD6F12CE7966300B8D6C2 /* ImageCache.swift */ = {isa = PBXFileReference; lastKnownFileType = sourcecode.swift; path = ImageCache.swift; sourceTree = "<group>"; };
		E7AAFD612CE510A200B54A0E /* TheRickAndMortyApp.app */ = {isa = PBXFileReference; explicitFileType = wrapper.application; includeInIndex = 0; path = TheRickAndMortyApp.app; sourceTree = BUILT_PRODUCTS_DIR; };
		E7AAFD642CE510A200B54A0E /* AppDelegate.swift */ = {isa = PBXFileReference; lastKnownFileType = sourcecode.swift; path = AppDelegate.swift; sourceTree = "<group>"; };
		E7AAFD662CE510A200B54A0E /* SceneDelegate.swift */ = {isa = PBXFileReference; lastKnownFileType = sourcecode.swift; path = SceneDelegate.swift; sourceTree = "<group>"; };
		E7AAFD682CE510A200B54A0E /* MainTabBarController.swift */ = {isa = PBXFileReference; lastKnownFileType = sourcecode.swift; path = MainTabBarController.swift; sourceTree = "<group>"; };
		E7AAFD6D2CE510A300B54A0E /* Assets.xcassets */ = {isa = PBXFileReference; lastKnownFileType = folder.assetcatalog; path = Assets.xcassets; sourceTree = "<group>"; };
		E7AAFD702CE510A300B54A0E /* Base */ = {isa = PBXFileReference; lastKnownFileType = file.storyboard; name = Base; path = Base.lproj/LaunchScreen.storyboard; sourceTree = "<group>"; };
		E7AAFD722CE510A300B54A0E /* Info.plist */ = {isa = PBXFileReference; lastKnownFileType = text.plist.xml; path = Info.plist; sourceTree = "<group>"; };
/* End PBXFileReference section */

/* Begin PBXFrameworksBuildPhase section */
		E7AAFD5E2CE510A200B54A0E /* Frameworks */ = {
			isa = PBXFrameworksBuildPhase;
			buildActionMask = 2147483647;
			files = (
				D893B8A3F65FD27139243F30 /* Pods_TheRickAndMortyApp.framework in Frameworks */,
			);
			runOnlyForDeploymentPostprocessing = 0;
		};
/* End PBXFrameworksBuildPhase section */

/* Begin PBXGroup section */
		2F92832939DA9357B2B262A7 /* Pods */ = {
			isa = PBXGroup;
			children = (
				BFB82D5BFC5A5633B78EBEF0 /* Pods-TheRickAndMortyApp.debug.xcconfig */,
				44BD160C5288AD2C77662DDD /* Pods-TheRickAndMortyApp.release.xcconfig */,
			);
			path = Pods;
			sourceTree = "<group>";
		};
		5E8A0098D9690AE11BC89387 /* Frameworks */ = {
			isa = PBXGroup;
			children = (
				608152B3CDF4CA04D37471E0 /* Pods_TheRickAndMortyApp.framework */,
			);
			name = Frameworks;
			sourceTree = "<group>";
		};
		E76BEE3A2CE654D2000FB38A /* Register */ = {
			isa = PBXGroup;
			children = (
				E76BEE3B2CE654DA000FB38A /* RegisterViewController.swift */,
			);
			path = Register;
			sourceTree = "<group>";
		};
		E76BEE412CE68702000FB38A /* HomeCharacters */ = {
			isa = PBXGroup;
			children = (
				E76BEE422CE68715000FB38A /* HomeCharacters.swift */,
			);
			path = HomeCharacters;
			sourceTree = "<group>";
		};
		E76BEE442CE68756000FB38A /* HomeCharacterService */ = {
			isa = PBXGroup;
			children = (
				E76BEE452CE6876B000FB38A /* HomeCharactersService.swift */,
			);
			path = HomeCharacterService;
			sourceTree = "<group>";
		};
		E76BEE472CE69AA4000FB38A /* HomeView */ = {
			isa = PBXGroup;
			children = (
				E7791B112CE542F300AAC8C6 /* HomeViewController.swift */,
				E76BEE482CE69AC6000FB38A /* CharacterCell.swift */,
				E77AD6EB2CE741F300B8D6C2 /* FilterPopUpViewController.swift */,
			);
			path = HomeView;
			sourceTree = "<group>";
		};
		E7791B0E2CE5414000AAC8C6 /* Views */ = {
			isa = PBXGroup;
			children = (
				E77AD6F52CE7A7DD00B8D6C2 /* LocationView */,
				E77AD6F42CE7A7CF00B8D6C2 /* EpisodeView */,
				E77AD6F32CE7A7B000B8D6C2 /* MainTabBar */,
				E76BEE472CE69AA4000FB38A /* HomeView */,
				E76BEE3A2CE654D2000FB38A /* Register */,
				E7791B1C2CE5699000AAC8C6 /* Login */,
			);
			path = Views;
			sourceTree = "<group>";
		};
		E7791B172CE5689F00AAC8C6 /* AppCore */ = {
			isa = PBXGroup;
			children = (
				E7AAFD662CE510A200B54A0E /* SceneDelegate.swift */,
				E77AD6EF2CE76BDD00B8D6C2 /* AppCoordinator.swift */,
				E7AAFD642CE510A200B54A0E /* AppDelegate.swift */,
				E76BEE362CE6451A000FB38A /* GoogleService-Info.plist */,
				E7AAFD6D2CE510A300B54A0E /* Assets.xcassets */,
			);
			path = AppCore;
			sourceTree = "<group>";
		};
		E7791B182CE568A400AAC8C6 /* Services */ = {
			isa = PBXGroup;
			children = (
				E76BEE442CE68756000FB38A /* HomeCharacterService */,
				E7791B262CE56A6200AAC8C6 /* AuthServices */,
			);
			path = Services;
			sourceTree = "<group>";
		};
		E7791B192CE568AB00AAC8C6 /* Models */ = {
			isa = PBXGroup;
			children = (
				E76BEE412CE68702000FB38A /* HomeCharacters */,
				E7791B292CE56AC400AAC8C6 /* User */,
			);
			path = Models;
			sourceTree = "<group>";
		};
		E7791B1A2CE568B100AAC8C6 /* Utils */ = {
			isa = PBXGroup;
			children = (
				E77AD6ED2CE7467500B8D6C2 /* GetColors.swift */,
				E77AD6F12CE7966300B8D6C2 /* ImageCache.swift */,
			);
			path = Utils;
			sourceTree = "<group>";
		};
		E7791B1B2CE568CB00AAC8C6 /* ViewModels */ = {
			isa = PBXGroup;
			children = (
				E76BEE382CE654A5000FB38A /* RegisterViewModel.swift */,
				E7791B212CE569E300AAC8C6 /* LoginViewModel.swift */,
				E76BEE3F2CE686AB000FB38A /* HomeViewModel.swift */,
			);
			path = ViewModels;
			sourceTree = "<group>";
		};
		E7791B1C2CE5699000AAC8C6 /* Login */ = {
			isa = PBXGroup;
			children = (
				E7791B1F2CE569CC00AAC8C6 /* LoginViewController.swift */,
			);
			path = Login;
			sourceTree = "<group>";
		};
		E7791B262CE56A6200AAC8C6 /* AuthServices */ = {
			isa = PBXGroup;
			children = (
				E7791B232CE56A4200AAC8C6 /* AuthServices.swift */,
			);
			path = AuthServices;
			sourceTree = "<group>";
		};
		E7791B292CE56AC400AAC8C6 /* User */ = {
			isa = PBXGroup;
			children = (
				E7791B2A2CE56ADA00AAC8C6 /* UserProfile.swift */,
			);
			path = User;
			sourceTree = "<group>";
		};
		E77AD6F32CE7A7B000B8D6C2 /* MainTabBar */ = {
			isa = PBXGroup;
			children = (
				E7AAFD682CE510A200B54A0E /* MainTabBarController.swift */,
			);
			path = MainTabBar;
			sourceTree = "<group>";
		};
		E77AD6F42CE7A7CF00B8D6C2 /* EpisodeView */ = {
			isa = PBXGroup;
			children = (
				E7791B132CE543C300AAC8C6 /* EpisodeViewController.swift */,
			);
			path = EpisodeView;
			sourceTree = "<group>";
		};
		E77AD6F52CE7A7DD00B8D6C2 /* LocationView */ = {
			isa = PBXGroup;
			children = (
				E7791B152CE543D700AAC8C6 /* LocationViewController.swift */,
			);
			path = LocationView;
			sourceTree = "<group>";
		};
		E7AAFD582CE510A200B54A0E = {
			isa = PBXGroup;
			children = (
				E7AAFD632CE510A200B54A0E /* TheRickAndMortyApp */,
				E7AAFD622CE510A200B54A0E /* Products */,
				2F92832939DA9357B2B262A7 /* Pods */,
				5E8A0098D9690AE11BC89387 /* Frameworks */,
			);
			sourceTree = "<group>";
		};
		E7AAFD622CE510A200B54A0E /* Products */ = {
			isa = PBXGroup;
			children = (
				E7AAFD612CE510A200B54A0E /* TheRickAndMortyApp.app */,
			);
			name = Products;
			sourceTree = "<group>";
		};
		E7AAFD632CE510A200B54A0E /* TheRickAndMortyApp */ = {
			isa = PBXGroup;
			children = (
				E7791B1B2CE568CB00AAC8C6 /* ViewModels */,
				E7791B1A2CE568B100AAC8C6 /* Utils */,
				E7791B192CE568AB00AAC8C6 /* Models */,
				E7791B182CE568A400AAC8C6 /* Services */,
				E7791B172CE5689F00AAC8C6 /* AppCore */,
				E7791B0E2CE5414000AAC8C6 /* Views */,
				E7AAFD6F2CE510A300B54A0E /* LaunchScreen.storyboard */,
				E7AAFD722CE510A300B54A0E /* Info.plist */,
			);
			path = TheRickAndMortyApp;
			sourceTree = "<group>";
		};
/* End PBXGroup section */

/* Begin PBXNativeTarget section */
		E7AAFD602CE510A200B54A0E /* TheRickAndMortyApp */ = {
			isa = PBXNativeTarget;
			buildConfigurationList = E7AAFD752CE510A300B54A0E /* Build configuration list for PBXNativeTarget "TheRickAndMortyApp" */;
			buildPhases = (
				87E2850F322778ECCEC33D08 /* [CP] Check Pods Manifest.lock */,
				E7AAFD5D2CE510A200B54A0E /* Sources */,
				E7AAFD5E2CE510A200B54A0E /* Frameworks */,
				E7AAFD5F2CE510A200B54A0E /* Resources */,
				BF70F5157C034E5F49BD186A /* [CP] Embed Pods Frameworks */,
			);
			buildRules = (
			);
			dependencies = (
			);
			name = TheRickAndMortyApp;
			productName = TheRickAndMortyApp;
			productReference = E7AAFD612CE510A200B54A0E /* TheRickAndMortyApp.app */;
			productType = "com.apple.product-type.application";
		};
/* End PBXNativeTarget section */

/* Begin PBXProject section */
		E7AAFD592CE510A200B54A0E /* Project object */ = {
			isa = PBXProject;
			attributes = {
				BuildIndependentTargetsInParallel = 1;
				LastSwiftUpdateCheck = 1540;
				LastUpgradeCheck = 1540;
				TargetAttributes = {
					E7AAFD602CE510A200B54A0E = {
						CreatedOnToolsVersion = 15.4;
					};
				};
			};
			buildConfigurationList = E7AAFD5C2CE510A200B54A0E /* Build configuration list for PBXProject "TheRickAndMortyApp" */;
			compatibilityVersion = "Xcode 14.0";
			developmentRegion = en;
			hasScannedForEncodings = 0;
			knownRegions = (
				en,
				Base,
			);
			mainGroup = E7AAFD582CE510A200B54A0E;
			productRefGroup = E7AAFD622CE510A200B54A0E /* Products */;
			projectDirPath = "";
			projectRoot = "";
			targets = (
				E7AAFD602CE510A200B54A0E /* TheRickAndMortyApp */,
			);
		};
/* End PBXProject section */

/* Begin PBXResourcesBuildPhase section */
		E7AAFD5F2CE510A200B54A0E /* Resources */ = {
			isa = PBXResourcesBuildPhase;
			buildActionMask = 2147483647;
			files = (
				E7AAFD6E2CE510A300B54A0E /* Assets.xcassets in Resources */,
				E76BEE372CE6451A000FB38A /* GoogleService-Info.plist in Resources */,
				E7AAFD712CE510A300B54A0E /* Base in Resources */,
			);
			runOnlyForDeploymentPostprocessing = 0;
		};
/* End PBXResourcesBuildPhase section */

/* Begin PBXShellScriptBuildPhase section */
		87E2850F322778ECCEC33D08 /* [CP] Check Pods Manifest.lock */ = {
			isa = PBXShellScriptBuildPhase;
			buildActionMask = 2147483647;
			files = (
			);
			inputFileListPaths = (
			);
			inputPaths = (
				"${PODS_PODFILE_DIR_PATH}/Podfile.lock",
				"${PODS_ROOT}/Manifest.lock",
			);
			name = "[CP] Check Pods Manifest.lock";
			outputFileListPaths = (
			);
			outputPaths = (
				"$(DERIVED_FILE_DIR)/Pods-TheRickAndMortyApp-checkManifestLockResult.txt",
			);
			runOnlyForDeploymentPostprocessing = 0;
			shellPath = /bin/sh;
			shellScript = "diff \"${PODS_PODFILE_DIR_PATH}/Podfile.lock\" \"${PODS_ROOT}/Manifest.lock\" > /dev/null\nif [ $? != 0 ] ; then\n    # print error to STDERR\n    echo \"error: The sandbox is not in sync with the Podfile.lock. Run 'pod install' or update your CocoaPods installation.\" >&2\n    exit 1\nfi\n# This output is used by Xcode 'outputs' to avoid re-running this script phase.\necho \"SUCCESS\" > \"${SCRIPT_OUTPUT_FILE_0}\"\n";
			showEnvVarsInLog = 0;
		};
		BF70F5157C034E5F49BD186A /* [CP] Embed Pods Frameworks */ = {
			isa = PBXShellScriptBuildPhase;
			buildActionMask = 2147483647;
			files = (
			);
			inputFileListPaths = (
				"${PODS_ROOT}/Target Support Files/Pods-TheRickAndMortyApp/Pods-TheRickAndMortyApp-frameworks-${CONFIGURATION}-input-files.xcfilelist",
			);
			name = "[CP] Embed Pods Frameworks";
			outputFileListPaths = (
				"${PODS_ROOT}/Target Support Files/Pods-TheRickAndMortyApp/Pods-TheRickAndMortyApp-frameworks-${CONFIGURATION}-output-files.xcfilelist",
			);
			runOnlyForDeploymentPostprocessing = 0;
			shellPath = /bin/sh;
			shellScript = "\"${PODS_ROOT}/Target Support Files/Pods-TheRickAndMortyApp/Pods-TheRickAndMortyApp-frameworks.sh\"\n";
			showEnvVarsInLog = 0;
		};
/* End PBXShellScriptBuildPhase section */

/* Begin PBXSourcesBuildPhase section */
		E7AAFD5D2CE510A200B54A0E /* Sources */ = {
			isa = PBXSourcesBuildPhase;
			buildActionMask = 2147483647;
			files = (
				E76BEE462CE68772000FB38A /* HomeCharactersService.swift in Sources */,
				E7791B202CE569CC00AAC8C6 /* LoginViewController.swift in Sources */,
				E7AAFD692CE510A200B54A0E /* MainTabBarController.swift in Sources */,
				E7AAFD652CE510A200B54A0E /* AppDelegate.swift in Sources */,
				E76BEE432CE68715000FB38A /* HomeCharacters.swift in Sources */,
				E7AAFD672CE510A200B54A0E /* SceneDelegate.swift in Sources */,
				E7791B2B2CE56ADA00AAC8C6 /* UserProfile.swift in Sources */,
				E7791B222CE569E300AAC8C6 /* LoginViewModel.swift in Sources */,
				E77AD6EC2CE741F300B8D6C2 /* FilterPopUpViewController.swift in Sources */,
				E76BEE392CE654B3000FB38A /* RegisterViewModel.swift in Sources */,
				E7791B162CE543D700AAC8C6 /* LocationViewController.swift in Sources */,
				E77AD6F22CE7966300B8D6C2 /* ImageCache.swift in Sources */,
				E77AD6F02CE76BDD00B8D6C2 /* AppCoordinator.swift in Sources */,
				E76BEE402CE686AB000FB38A /* HomeViewModel.swift in Sources */,
				E77AD6EE2CE7467500B8D6C2 /* GetColors.swift in Sources */,
				E76BEE492CE69AC6000FB38A /* CharacterCell.swift in Sources */,
				E7791B242CE56A4200AAC8C6 /* AuthServices.swift in Sources */,
				E76BEE3C2CE654DC000FB38A /* RegisterViewController.swift in Sources */,
				E7791B122CE542F300AAC8C6 /* HomeViewController.swift in Sources */,
				E7791B142CE543C300AAC8C6 /* EpisodeViewController.swift in Sources */,
			);
			runOnlyForDeploymentPostprocessing = 0;
		};
/* End PBXSourcesBuildPhase section */

/* Begin PBXVariantGroup section */
		E7AAFD6F2CE510A300B54A0E /* LaunchScreen.storyboard */ = {
			isa = PBXVariantGroup;
			children = (
				E7AAFD702CE510A300B54A0E /* Base */,
			);
			name = LaunchScreen.storyboard;
			sourceTree = "<group>";
		};
/* End PBXVariantGroup section */

/* Begin XCBuildConfiguration section */
		E7AAFD732CE510A300B54A0E /* Debug */ = {
			isa = XCBuildConfiguration;
			buildSettings = {
				ALWAYS_SEARCH_USER_PATHS = NO;
				ASSETCATALOG_COMPILER_GENERATE_SWIFT_ASSET_SYMBOL_EXTENSIONS = YES;
				CLANG_ANALYZER_NONNULL = YES;
				CLANG_ANALYZER_NUMBER_OBJECT_CONVERSION = YES_AGGRESSIVE;
				CLANG_CXX_LANGUAGE_STANDARD = "gnu++20";
				CLANG_ENABLE_MODULES = YES;
				CLANG_ENABLE_OBJC_ARC = YES;
				CLANG_ENABLE_OBJC_WEAK = YES;
				CLANG_WARN_BLOCK_CAPTURE_AUTORELEASING = YES;
				CLANG_WARN_BOOL_CONVERSION = YES;
				CLANG_WARN_COMMA = YES;
				CLANG_WARN_CONSTANT_CONVERSION = YES;
				CLANG_WARN_DEPRECATED_OBJC_IMPLEMENTATIONS = YES;
				CLANG_WARN_DIRECT_OBJC_ISA_USAGE = YES_ERROR;
				CLANG_WARN_DOCUMENTATION_COMMENTS = YES;
				CLANG_WARN_EMPTY_BODY = YES;
				CLANG_WARN_ENUM_CONVERSION = YES;
				CLANG_WARN_INFINITE_RECURSION = YES;
				CLANG_WARN_INT_CONVERSION = YES;
				CLANG_WARN_NON_LITERAL_NULL_CONVERSION = YES;
				CLANG_WARN_OBJC_IMPLICIT_RETAIN_SELF = YES;
				CLANG_WARN_OBJC_LITERAL_CONVERSION = YES;
				CLANG_WARN_OBJC_ROOT_CLASS = YES_ERROR;
				CLANG_WARN_QUOTED_INCLUDE_IN_FRAMEWORK_HEADER = YES;
				CLANG_WARN_RANGE_LOOP_ANALYSIS = YES;
				CLANG_WARN_STRICT_PROTOTYPES = YES;
				CLANG_WARN_SUSPICIOUS_MOVE = YES;
				CLANG_WARN_UNGUARDED_AVAILABILITY = YES_AGGRESSIVE;
				CLANG_WARN_UNREACHABLE_CODE = YES;
				CLANG_WARN__DUPLICATE_METHOD_MATCH = YES;
				COPY_PHASE_STRIP = NO;
				DEBUG_INFORMATION_FORMAT = dwarf;
				ENABLE_STRICT_OBJC_MSGSEND = YES;
				ENABLE_TESTABILITY = YES;
				ENABLE_USER_SCRIPT_SANDBOXING = YES;
				GCC_C_LANGUAGE_STANDARD = gnu17;
				GCC_DYNAMIC_NO_PIC = NO;
				GCC_NO_COMMON_BLOCKS = YES;
				GCC_OPTIMIZATION_LEVEL = 0;
				GCC_PREPROCESSOR_DEFINITIONS = (
					"DEBUG=1",
					"$(inherited)",
				);
				GCC_WARN_64_TO_32_BIT_CONVERSION = YES;
				GCC_WARN_ABOUT_RETURN_TYPE = YES_ERROR;
				GCC_WARN_UNDECLARED_SELECTOR = YES;
				GCC_WARN_UNINITIALIZED_AUTOS = YES_AGGRESSIVE;
				GCC_WARN_UNUSED_FUNCTION = YES;
				GCC_WARN_UNUSED_VARIABLE = YES;
				IPHONEOS_DEPLOYMENT_TARGET = 17.5;
				LOCALIZATION_PREFERS_STRING_CATALOGS = YES;
				MTL_ENABLE_DEBUG_INFO = INCLUDE_SOURCE;
				MTL_FAST_MATH = YES;
				ONLY_ACTIVE_ARCH = YES;
				SDKROOT = iphoneos;
				SWIFT_ACTIVE_COMPILATION_CONDITIONS = "DEBUG $(inherited)";
				SWIFT_OPTIMIZATION_LEVEL = "-Onone";
			};
			name = Debug;
		};
		E7AAFD742CE510A300B54A0E /* Release */ = {
			isa = XCBuildConfiguration;
			buildSettings = {
				ALWAYS_SEARCH_USER_PATHS = NO;
				ASSETCATALOG_COMPILER_GENERATE_SWIFT_ASSET_SYMBOL_EXTENSIONS = YES;
				CLANG_ANALYZER_NONNULL = YES;
				CLANG_ANALYZER_NUMBER_OBJECT_CONVERSION = YES_AGGRESSIVE;
				CLANG_CXX_LANGUAGE_STANDARD = "gnu++20";
				CLANG_ENABLE_MODULES = YES;
				CLANG_ENABLE_OBJC_ARC = YES;
				CLANG_ENABLE_OBJC_WEAK = YES;
				CLANG_WARN_BLOCK_CAPTURE_AUTORELEASING = YES;
				CLANG_WARN_BOOL_CONVERSION = YES;
				CLANG_WARN_COMMA = YES;
				CLANG_WARN_CONSTANT_CONVERSION = YES;
				CLANG_WARN_DEPRECATED_OBJC_IMPLEMENTATIONS = YES;
				CLANG_WARN_DIRECT_OBJC_ISA_USAGE = YES_ERROR;
				CLANG_WARN_DOCUMENTATION_COMMENTS = YES;
				CLANG_WARN_EMPTY_BODY = YES;
				CLANG_WARN_ENUM_CONVERSION = YES;
				CLANG_WARN_INFINITE_RECURSION = YES;
				CLANG_WARN_INT_CONVERSION = YES;
				CLANG_WARN_NON_LITERAL_NULL_CONVERSION = YES;
				CLANG_WARN_OBJC_IMPLICIT_RETAIN_SELF = YES;
				CLANG_WARN_OBJC_LITERAL_CONVERSION = YES;
				CLANG_WARN_OBJC_ROOT_CLASS = YES_ERROR;
				CLANG_WARN_QUOTED_INCLUDE_IN_FRAMEWORK_HEADER = YES;
				CLANG_WARN_RANGE_LOOP_ANALYSIS = YES;
				CLANG_WARN_STRICT_PROTOTYPES = YES;
				CLANG_WARN_SUSPICIOUS_MOVE = YES;
				CLANG_WARN_UNGUARDED_AVAILABILITY = YES_AGGRESSIVE;
				CLANG_WARN_UNREACHABLE_CODE = YES;
				CLANG_WARN__DUPLICATE_METHOD_MATCH = YES;
				COPY_PHASE_STRIP = NO;
				DEBUG_INFORMATION_FORMAT = "dwarf-with-dsym";
				ENABLE_NS_ASSERTIONS = NO;
				ENABLE_STRICT_OBJC_MSGSEND = YES;
				ENABLE_USER_SCRIPT_SANDBOXING = YES;
				GCC_C_LANGUAGE_STANDARD = gnu17;
				GCC_NO_COMMON_BLOCKS = YES;
				GCC_WARN_64_TO_32_BIT_CONVERSION = YES;
				GCC_WARN_ABOUT_RETURN_TYPE = YES_ERROR;
				GCC_WARN_UNDECLARED_SELECTOR = YES;
				GCC_WARN_UNINITIALIZED_AUTOS = YES_AGGRESSIVE;
				GCC_WARN_UNUSED_FUNCTION = YES;
				GCC_WARN_UNUSED_VARIABLE = YES;
				IPHONEOS_DEPLOYMENT_TARGET = 17.5;
				LOCALIZATION_PREFERS_STRING_CATALOGS = YES;
				MTL_ENABLE_DEBUG_INFO = NO;
				MTL_FAST_MATH = YES;
				SDKROOT = iphoneos;
				SWIFT_COMPILATION_MODE = wholemodule;
				VALIDATE_PRODUCT = YES;
			};
			name = Release;
		};
		E7AAFD762CE510A300B54A0E /* Debug */ = {
			isa = XCBuildConfiguration;
			baseConfigurationReference = BFB82D5BFC5A5633B78EBEF0 /* Pods-TheRickAndMortyApp.debug.xcconfig */;
			buildSettings = {
				ASSETCATALOG_COMPILER_APPICON_NAME = AppIcon;
				ASSETCATALOG_COMPILER_GLOBAL_ACCENT_COLOR_NAME = AccentColor;
				CODE_SIGN_STYLE = Automatic;
				CURRENT_PROJECT_VERSION = 1;
				DEVELOPMENT_TEAM = T453A8JHR5;
				ENABLE_USER_SCRIPT_SANDBOXING = NO;
				GENERATE_INFOPLIST_FILE = YES;
				INFOPLIST_FILE = TheRickAndMortyApp/Info.plist;
				INFOPLIST_KEY_LSApplicationCategoryType = "public.app-category.entertainment";
				INFOPLIST_KEY_UIApplicationSupportsIndirectInputEvents = YES;
				INFOPLIST_KEY_UILaunchStoryboardName = LaunchScreen;
				INFOPLIST_KEY_UISupportedInterfaceOrientations = UIInterfaceOrientationPortrait;
				INFOPLIST_KEY_UISupportedInterfaceOrientations_iPad = "UIInterfaceOrientationLandscapeLeft UIInterfaceOrientationLandscapeRight UIInterfaceOrientationPortrait UIInterfaceOrientationPortraitUpsideDown";
				LD_RUNPATH_SEARCH_PATHS = (
					"$(inherited)",
					"@executable_path/Frameworks",
				);
				MARKETING_VERSION = 1.0;
				PRODUCT_BUNDLE_IDENTIFIER = omarleal.TheRickAndMortyApp;
				PRODUCT_NAME = "$(TARGET_NAME)";
				SWIFT_EMIT_LOC_STRINGS = YES;
				SWIFT_VERSION = 5.0;
				TARGETED_DEVICE_FAMILY = "1,2";
			};
			name = Debug;
		};
		E7AAFD772CE510A300B54A0E /* Release */ = {
			isa = XCBuildConfiguration;
			baseConfigurationReference = 44BD160C5288AD2C77662DDD /* Pods-TheRickAndMortyApp.release.xcconfig */;
			buildSettings = {
				ASSETCATALOG_COMPILER_APPICON_NAME = AppIcon;
				ASSETCATALOG_COMPILER_GLOBAL_ACCENT_COLOR_NAME = AccentColor;
				CODE_SIGN_STYLE = Automatic;
				CURRENT_PROJECT_VERSION = 1;
				DEVELOPMENT_TEAM = T453A8JHR5;
				ENABLE_USER_SCRIPT_SANDBOXING = NO;
				GENERATE_INFOPLIST_FILE = YES;
				INFOPLIST_FILE = TheRickAndMortyApp/Info.plist;
				INFOPLIST_KEY_LSApplicationCategoryType = "public.app-category.entertainment";
				INFOPLIST_KEY_UIApplicationSupportsIndirectInputEvents = YES;
				INFOPLIST_KEY_UILaunchStoryboardName = LaunchScreen;
				INFOPLIST_KEY_UISupportedInterfaceOrientations = UIInterfaceOrientationPortrait;
				INFOPLIST_KEY_UISupportedInterfaceOrientations_iPad = "UIInterfaceOrientationLandscapeLeft UIInterfaceOrientationLandscapeRight UIInterfaceOrientationPortrait UIInterfaceOrientationPortraitUpsideDown";
				LD_RUNPATH_SEARCH_PATHS = (
					"$(inherited)",
					"@executable_path/Frameworks",
				);
				MARKETING_VERSION = 1.0;
				PRODUCT_BUNDLE_IDENTIFIER = omarleal.TheRickAndMortyApp;
				PRODUCT_NAME = "$(TARGET_NAME)";
				SWIFT_EMIT_LOC_STRINGS = YES;
				SWIFT_VERSION = 5.0;
				TARGETED_DEVICE_FAMILY = "1,2";
			};
			name = Release;
		};
/* End XCBuildConfiguration section */

/* Begin XCConfigurationList section */
		E7AAFD5C2CE510A200B54A0E /* Build configuration list for PBXProject "TheRickAndMortyApp" */ = {
			isa = XCConfigurationList;
			buildConfigurations = (
				E7AAFD732CE510A300B54A0E /* Debug */,
				E7AAFD742CE510A300B54A0E /* Release */,
			);
			defaultConfigurationIsVisible = 0;
			defaultConfigurationName = Release;
		};
		E7AAFD752CE510A300B54A0E /* Build configuration list for PBXNativeTarget "TheRickAndMortyApp" */ = {
			isa = XCConfigurationList;
			buildConfigurations = (
				E7AAFD762CE510A300B54A0E /* Debug */,
				E7AAFD772CE510A300B54A0E /* Release */,
			);
			defaultConfigurationIsVisible = 0;
			defaultConfigurationName = Release;
		};
/* End XCConfigurationList section */
	};
	rootObject = E7AAFD592CE510A200B54A0E /* Project object */;
}
