// !$*UTF8*$!
{
	archiveVersion = 1;
	classes = {
	};
	objectVersion = 56;
	objects = {

/* Begin PBXBuildFile section */
		E7791B122CE542F300AAC8C6 /* HomeViewController.swift in Sources */ = {isa = PBXBuildFile; fileRef = E7791B112CE542F300AAC8C6 /* HomeViewController.swift */; };
		E7791B142CE543C300AAC8C6 /* EpisodeViewController.swift in Sources */ = {isa = PBXBuildFile; fileRef = E7791B132CE543C300AAC8C6 /* EpisodeViewController.swift */; };
		E7791B162CE543D700AAC8C6 /* LocationViewController.swift in Sources */ = {isa = PBXBuildFile; fileRef = E7791B152CE543D700AAC8C6 /* LocationViewController.swift */; };
		E7AAFD652CE510A200B54A0E /* AppDelegate.swift in Sources */ = {isa = PBXBuildFile; fileRef = E7AAFD642CE510A200B54A0E /* AppDelegate.swift */; };
		E7AAFD672CE510A200B54A0E /* SceneDelegate.swift in Sources */ = {isa = PBXBuildFile; fileRef = E7AAFD662CE510A200B54A0E /* SceneDelegate.swift */; };
		E7AAFD692CE510A200B54A0E /* MainTabBarController.swift in Sources */ = {isa = PBXBuildFile; fileRef = E7AAFD682CE510A200B54A0E /* MainTabBarController.swift */; };
		E7AAFD6E2CE510A300B54A0E /* Assets.xcassets in Resources */ = {isa = PBXBuildFile; fileRef = E7AAFD6D2CE510A300B54A0E /* Assets.xcassets */; };
		E7AAFD712CE510A300B54A0E /* Base in Resources */ = {isa = PBXBuildFile; fileRef = E7AAFD702CE510A300B54A0E /* Base */; };
/* End PBXBuildFile section */

/* Begin PBXFileReference section */
		E7791B112CE542F300AAC8C6 /* HomeViewController.swift */ = {isa = PBXFileReference; lastKnownFileType = sourcecode.swift; path = HomeViewController.swift; sourceTree = "<group>"; };
		E7791B132CE543C300AAC8C6 /* EpisodeViewController.swift */ = {isa = PBXFileReference; lastKnownFileType = sourcecode.swift; path = EpisodeViewController.swift; sourceTree = "<group>"; };
		E7791B152CE543D700AAC8C6 /* LocationViewController.swift */ = {isa = PBXFileReference; lastKnownFileType = sourcecode.swift; path = LocationViewController.swift; sourceTree = "<group>"; };
		E7AAFD612CE510A200B54A0E /* TheRickAndMortyApp.app */ = {isa = PBXFileReference; explicitFileType = wrapper.application; includeInIndex = 0; path = TheRickAndMortyApp.app; sourceTree = BUILT_PRODUCTS_DIR; };
		E7AAFD642CE510A200B54A0E /* AppDelegate.swift */ = {isa = PBXFileReference; lastKnownFileType = sourcecode.swift; path = AppDelegate.swift; sourceTree = "<group>"; };
		E7AAFD662CE510A200B54A0E /* SceneDelegate.swift */ = {isa = PBXFileReference; lastKnownFileType = sourcecode.swift; path = SceneDelegate.swift; sourceTree = "<group>"; };
		E7AAFD682CE510A200B54A0E /* MainTabBarController.swift */ = {isa = PBXFileReference; lastKnownFileType = sourcecode.swift; path = MainTabBarController.swift; sourceTree = "<group>"; };
		E7AAFD6D2CE510A300B54A0E /* Assets.xcassets */ = {isa = PBXFileReference; lastKnownFileType = folder.assetcatalog; path = Assets.xcassets; sourceTree = "<group>"; };
		E7AAFD702CE510A300B54A0E /* Base */ = {isa = PBXFileReference; lastKnownFileType = file.storyboard; name = Base; path = Base.lproj/LaunchScreen.storyboard; sourceTree = "<group>"; };
		E7AAFD722CE510A300B54A0E /* Info.plist */ = {isa = PBXFileReference; lastKnownFileType = text.plist.xml; path = Info.plist; sourceTree = "<group>"; };
/* End PBXFileReference section */

/* Begin PBXFrameworksBuildPhase section */
		E7AAFD5E2CE510A200B54A0E /* Frameworks */ = {
			isa = PBXFrameworksBuildPhase;
			buildActionMask = 2147483647;
			files = (
			);
			runOnlyForDeploymentPostprocessing = 0;
		};
/* End PBXFrameworksBuildPhase section */

/* Begin PBXGroup section */
		E7791B0E2CE5414000AAC8C6 /* Views */ = {
			isa = PBXGroup;
			children = (
			);
			path = Views;
			sourceTree = "<group>";
		};
		E7791B0F2CE5429800AAC8C6 /* Controllers */ = {
			isa = PBXGroup;
			children = (
				E7791B102CE542B100AAC8C6 /* Core */,
			);
			path = Controllers;
			sourceTree = "<group>";
		};
		E7791B102CE542B100AAC8C6 /* Core */ = {
			isa = PBXGroup;
			children = (
				E7AAFD682CE510A200B54A0E /* MainTabBarController.swift */,
				E7791B112CE542F300AAC8C6 /* HomeViewController.swift */,
				E7791B132CE543C300AAC8C6 /* EpisodeViewController.swift */,
				E7791B152CE543D700AAC8C6 /* LocationViewController.swift */,
			);
			path = Core;
			sourceTree = "<group>";
		};
		E7AAFD582CE510A200B54A0E = {
			isa = PBXGroup;
			children = (
				E7AAFD632CE510A200B54A0E /* TheRickAndMortyApp */,
				E7AAFD622CE510A200B54A0E /* Products */,
			);
			sourceTree = "<group>";
		};
		E7AAFD622CE510A200B54A0E /* Products */ = {
			isa = PBXGroup;
			children = (
				E7AAFD612CE510A200B54A0E /* TheRickAndMortyApp.app */,
			);
			name = Products;
			sourceTree = "<group>";
		};
		E7AAFD632CE510A200B54A0E /* TheRickAndMortyApp */ = {
			isa = PBXGroup;
			children = (
				E7791B0F2CE5429800AAC8C6 /* Controllers */,
				E7791B0E2CE5414000AAC8C6 /* Views */,
				E7AAFD642CE510A200B54A0E /* AppDelegate.swift */,
				E7AAFD662CE510A200B54A0E /* SceneDelegate.swift */,
				E7AAFD6D2CE510A300B54A0E /* Assets.xcassets */,
				E7AAFD6F2CE510A300B54A0E /* LaunchScreen.storyboard */,
				E7AAFD722CE510A300B54A0E /* Info.plist */,
			);
			path = TheRickAndMortyApp;
			sourceTree = "<group>";
		};
/* End PBXGroup section */

/* Begin PBXNativeTarget section */
		E7AAFD602CE510A200B54A0E /* TheRickAndMortyApp */ = {
			isa = PBXNativeTarget;
			buildConfigurationList = E7AAFD752CE510A300B54A0E /* Build configuration list for PBXNativeTarget "TheRickAndMortyApp" */;
			buildPhases = (
				E7AAFD5D2CE510A200B54A0E /* Sources */,
				E7AAFD5E2CE510A200B54A0E /* Frameworks */,
				E7AAFD5F2CE510A200B54A0E /* Resources */,
			);
			buildRules = (
			);
			dependencies = (
			);
			name = TheRickAndMortyApp;
			productName = TheRickAndMortyApp;
			productReference = E7AAFD612CE510A200B54A0E /* TheRickAndMortyApp.app */;
			productType = "com.apple.product-type.application";
		};
/* End PBXNativeTarget section */

/* Begin PBXProject section */
		E7AAFD592CE510A200B54A0E /* Project object */ = {
			isa = PBXProject;
			attributes = {
				BuildIndependentTargetsInParallel = 1;
				LastSwiftUpdateCheck = 1540;
				LastUpgradeCheck = 1540;
				TargetAttributes = {
					E7AAFD602CE510A200B54A0E = {
						CreatedOnToolsVersion = 15.4;
					};
				};
			};
			buildConfigurationList = E7AAFD5C2CE510A200B54A0E /* Build configuration list for PBXProject "TheRickAndMortyApp" */;
			compatibilityVersion = "Xcode 14.0";
			developmentRegion = en;
			hasScannedForEncodings = 0;
			knownRegions = (
				en,
				Base,
			);
			mainGroup = E7AAFD582CE510A200B54A0E;
			productRefGroup = E7AAFD622CE510A200B54A0E /* Products */;
			projectDirPath = "";
			projectRoot = "";
			targets = (
				E7AAFD602CE510A200B54A0E /* TheRickAndMortyApp */,
			);
		};
/* End PBXProject section */

/* Begin PBXResourcesBuildPhase section */
		E7AAFD5F2CE510A200B54A0E /* Resources */ = {
			isa = PBXResourcesBuildPhase;
			buildActionMask = 2147483647;
			files = (
				E7AAFD6E2CE510A300B54A0E /* Assets.xcassets in Resources */,
				E7AAFD712CE510A300B54A0E /* Base in Resources */,
			);
			runOnlyForDeploymentPostprocessing = 0;
		};
/* End PBXResourcesBuildPhase section */

/* Begin PBXSourcesBuildPhase section */
		E7AAFD5D2CE510A200B54A0E /* Sources */ = {
			isa = PBXSourcesBuildPhase;
			buildActionMask = 2147483647;
			files = (
				E7AAFD692CE510A200B54A0E /* MainTabBarController.swift in Sources */,
				E7AAFD652CE510A200B54A0E /* AppDelegate.swift in Sources */,
				E7AAFD672CE510A200B54A0E /* SceneDelegate.swift in Sources */,
				E7791B162CE543D700AAC8C6 /* LocationViewController.swift in Sources */,
				E7791B122CE542F300AAC8C6 /* HomeViewController.swift in Sources */,
				E7791B142CE543C300AAC8C6 /* EpisodeViewController.swift in Sources */,
			);
			runOnlyForDeploymentPostprocessing = 0;
		};
/* End PBXSourcesBuildPhase section */

/* Begin PBXVariantGroup section */
		E7AAFD6F2CE510A300B54A0E /* LaunchScreen.storyboard */ = {
			isa = PBXVariantGroup;
			children = (
				E7AAFD702CE510A300B54A0E /* Base */,
			);
			name = LaunchScreen.storyboard;
			sourceTree = "<group>";
		};
/* End PBXVariantGroup section */

/* Begin XCBuildConfiguration section */
		E7AAFD732CE510A300B54A0E /* Debug */ = {
			isa = XCBuildConfiguration;
			buildSettings = {
				ALWAYS_SEARCH_USER_PATHS = NO;
				ASSETCATALOG_COMPILER_GENERATE_SWIFT_ASSET_SYMBOL_EXTENSIONS = YES;
				CLANG_ANALYZER_NONNULL = YES;
				CLANG_ANALYZER_NUMBER_OBJECT_CONVERSION = YES_AGGRESSIVE;
				CLANG_CXX_LANGUAGE_STANDARD = "gnu++20";
				CLANG_ENABLE_MODULES = YES;
				CLANG_ENABLE_OBJC_ARC = YES;
				CLANG_ENABLE_OBJC_WEAK = YES;
				CLANG_WARN_BLOCK_CAPTURE_AUTORELEASING = YES;
				CLANG_WARN_BOOL_CONVERSION = YES;
				CLANG_WARN_COMMA = YES;
				CLANG_WARN_CONSTANT_CONVERSION = YES;
				CLANG_WARN_DEPRECATED_OBJC_IMPLEMENTATIONS = YES;
				CLANG_WARN_DIRECT_OBJC_ISA_USAGE = YES_ERROR;
				CLANG_WARN_DOCUMENTATION_COMMENTS = YES;
				CLANG_WARN_EMPTY_BODY = YES;
				CLANG_WARN_ENUM_CONVERSION = YES;
				CLANG_WARN_INFINITE_RECURSION = YES;
				CLANG_WARN_INT_CONVERSION = YES;
				CLANG_WARN_NON_LITERAL_NULL_CONVERSION = YES;
				CLANG_WARN_OBJC_IMPLICIT_RETAIN_SELF = YES;
				CLANG_WARN_OBJC_LITERAL_CONVERSION = YES;
				CLANG_WARN_OBJC_ROOT_CLASS = YES_ERROR;
				CLANG_WARN_QUOTED_INCLUDE_IN_FRAMEWORK_HEADER = YES;
				CLANG_WARN_RANGE_LOOP_ANALYSIS = YES;
				CLANG_WARN_STRICT_PROTOTYPES = YES;
				CLANG_WARN_SUSPICIOUS_MOVE = YES;
				CLANG_WARN_UNGUARDED_AVAILABILITY = YES_AGGRESSIVE;
				CLANG_WARN_UNREACHABLE_CODE = YES;
				CLANG_WARN__DUPLICATE_METHOD_MATCH = YES;
				COPY_PHASE_STRIP = NO;
				DEBUG_INFORMATION_FORMAT = dwarf;
				ENABLE_STRICT_OBJC_MSGSEND = YES;
				ENABLE_TESTABILITY = YES;
				ENABLE_USER_SCRIPT_SANDBOXING = YES;
				GCC_C_LANGUAGE_STANDARD = gnu17;
				GCC_DYNAMIC_NO_PIC = NO;
				GCC_NO_COMMON_BLOCKS = YES;
				GCC_OPTIMIZATION_LEVEL = 0;
				GCC_PREPROCESSOR_DEFINITIONS = (
					"DEBUG=1",
					"$(inherited)",
				);
				GCC_WARN_64_TO_32_BIT_CONVERSION = YES;
				GCC_WARN_ABOUT_RETURN_TYPE = YES_ERROR;
				GCC_WARN_UNDECLARED_SELECTOR = YES;
				GCC_WARN_UNINITIALIZED_AUTOS = YES_AGGRESSIVE;
				GCC_WARN_UNUSED_FUNCTION = YES;
				GCC_WARN_UNUSED_VARIABLE = YES;
				IPHONEOS_DEPLOYMENT_TARGET = 17.5;
				LOCALIZATION_PREFERS_STRING_CATALOGS = YES;
				MTL_ENABLE_DEBUG_INFO = INCLUDE_SOURCE;
				MTL_FAST_MATH = YES;
				ONLY_ACTIVE_ARCH = YES;
				SDKROOT = iphoneos;
				SWIFT_ACTIVE_COMPILATION_CONDITIONS = "DEBUG $(inherited)";
				SWIFT_OPTIMIZATION_LEVEL = "-Onone";
			};
			name = Debug;
		};
		E7AAFD742CE510A300B54A0E /* Release */ = {
			isa = XCBuildConfiguration;
			buildSettings = {
				ALWAYS_SEARCH_USER_PATHS = NO;
				ASSETCATALOG_COMPILER_GENERATE_SWIFT_ASSET_SYMBOL_EXTENSIONS = YES;
				CLANG_ANALYZER_NONNULL = YES;
				CLANG_ANALYZER_NUMBER_OBJECT_CONVERSION = YES_AGGRESSIVE;
				CLANG_CXX_LANGUAGE_STANDARD = "gnu++20";
				CLANG_ENABLE_MODULES = YES;
				CLANG_ENABLE_OBJC_ARC = YES;
				CLANG_ENABLE_OBJC_WEAK = YES;
				CLANG_WARN_BLOCK_CAPTURE_AUTORELEASING = YES;
				CLANG_WARN_BOOL_CONVERSION = YES;
				CLANG_WARN_COMMA = YES;
				CLANG_WARN_CONSTANT_CONVERSION = YES;
				CLANG_WARN_DEPRECATED_OBJC_IMPLEMENTATIONS = YES;
				CLANG_WARN_DIRECT_OBJC_ISA_USAGE = YES_ERROR;
				CLANG_WARN_DOCUMENTATION_COMMENTS = YES;
				CLANG_WARN_EMPTY_BODY = YES;
				CLANG_WARN_ENUM_CONVERSION = YES;
				CLANG_WARN_INFINITE_RECURSION = YES;
				CLANG_WARN_INT_CONVERSION = YES;
				CLANG_WARN_NON_LITERAL_NULL_CONVERSION = YES;
				CLANG_WARN_OBJC_IMPLICIT_RETAIN_SELF = YES;
				CLANG_WARN_OBJC_LITERAL_CONVERSION = YES;
				CLANG_WARN_OBJC_ROOT_CLASS = YES_ERROR;
				CLANG_WARN_QUOTED_INCLUDE_IN_FRAMEWORK_HEADER = YES;
				CLANG_WARN_RANGE_LOOP_ANALYSIS = YES;
				CLANG_WARN_STRICT_PROTOTYPES = YES;
				CLANG_WARN_SUSPICIOUS_MOVE = YES;
				CLANG_WARN_UNGUARDED_AVAILABILITY = YES_AGGRESSIVE;
				CLANG_WARN_UNREACHABLE_CODE = YES;
				CLANG_WARN__DUPLICATE_METHOD_MATCH = YES;
				COPY_PHASE_STRIP = NO;
				DEBUG_INFORMATION_FORMAT = "dwarf-with-dsym";
				ENABLE_NS_ASSERTIONS = NO;
				ENABLE_STRICT_OBJC_MSGSEND = YES;
				ENABLE_USER_SCRIPT_SANDBOXING = YES;
				GCC_C_LANGUAGE_STANDARD = gnu17;
				GCC_NO_COMMON_BLOCKS = YES;
				GCC_WARN_64_TO_32_BIT_CONVERSION = YES;
				GCC_WARN_ABOUT_RETURN_TYPE = YES_ERROR;
				GCC_WARN_UNDECLARED_SELECTOR = YES;
				GCC_WARN_UNINITIALIZED_AUTOS = YES_AGGRESSIVE;
				GCC_WARN_UNUSED_FUNCTION = YES;
				GCC_WARN_UNUSED_VARIABLE = YES;
				IPHONEOS_DEPLOYMENT_TARGET = 17.5;
				LOCALIZATION_PREFERS_STRING_CATALOGS = YES;
				MTL_ENABLE_DEBUG_INFO = NO;
				MTL_FAST_MATH = YES;
				SDKROOT = iphoneos;
				SWIFT_COMPILATION_MODE = wholemodule;
				VALIDATE_PRODUCT = YES;
			};
			name = Release;
		};
		E7AAFD762CE510A300B54A0E /* Debug */ = {
			isa = XCBuildConfiguration;
			buildSettings = {
				ASSETCATALOG_COMPILER_APPICON_NAME = AppIcon;
				ASSETCATALOG_COMPILER_GLOBAL_ACCENT_COLOR_NAME = AccentColor;
				CODE_SIGN_STYLE = Automatic;
				CURRENT_PROJECT_VERSION = 1;
				DEVELOPMENT_TEAM = T453A8JHR5;
				GENERATE_INFOPLIST_FILE = YES;
				INFOPLIST_FILE = TheRickAndMortyApp/Info.plist;
				INFOPLIST_KEY_LSApplicationCategoryType = "public.app-category.entertainment";
				INFOPLIST_KEY_UIApplicationSupportsIndirectInputEvents = YES;
				INFOPLIST_KEY_UILaunchStoryboardName = LaunchScreen;
				INFOPLIST_KEY_UISupportedInterfaceOrientations = UIInterfaceOrientationPortrait;
				INFOPLIST_KEY_UISupportedInterfaceOrientations_iPad = "UIInterfaceOrientationLandscapeLeft UIInterfaceOrientationLandscapeRight UIInterfaceOrientationPortrait UIInterfaceOrientationPortraitUpsideDown";
				LD_RUNPATH_SEARCH_PATHS = (
					"$(inherited)",
					"@executable_path/Frameworks",
				);
				MARKETING_VERSION = 1.0;
				PRODUCT_BUNDLE_IDENTIFIER = omarleal.TheRickAndMortyApp;
				PRODUCT_NAME = "$(TARGET_NAME)";
				SWIFT_EMIT_LOC_STRINGS = YES;
				SWIFT_VERSION = 5.0;
				TARGETED_DEVICE_FAMILY = "1,2";
			};
			name = Debug;
		};
		E7AAFD772CE510A300B54A0E /* Release */ = {
			isa = XCBuildConfiguration;
			buildSettings = {
				ASSETCATALOG_COMPILER_APPICON_NAME = AppIcon;
				ASSETCATALOG_COMPILER_GLOBAL_ACCENT_COLOR_NAME = AccentColor;
				CODE_SIGN_STYLE = Automatic;
				CURRENT_PROJECT_VERSION = 1;
				DEVELOPMENT_TEAM = T453A8JHR5;
				GENERATE_INFOPLIST_FILE = YES;
				INFOPLIST_FILE = TheRickAndMortyApp/Info.plist;
				INFOPLIST_KEY_LSApplicationCategoryType = "public.app-category.entertainment";
				INFOPLIST_KEY_UIApplicationSupportsIndirectInputEvents = YES;
				INFOPLIST_KEY_UILaunchStoryboardName = LaunchScreen;
				INFOPLIST_KEY_UISupportedInterfaceOrientations = UIInterfaceOrientationPortrait;
				INFOPLIST_KEY_UISupportedInterfaceOrientations_iPad = "UIInterfaceOrientationLandscapeLeft UIInterfaceOrientationLandscapeRight UIInterfaceOrientationPortrait UIInterfaceOrientationPortraitUpsideDown";
				LD_RUNPATH_SEARCH_PATHS = (
					"$(inherited)",
					"@executable_path/Frameworks",
				);
				MARKETING_VERSION = 1.0;
				PRODUCT_BUNDLE_IDENTIFIER = omarleal.TheRickAndMortyApp;
				PRODUCT_NAME = "$(TARGET_NAME)";
				SWIFT_EMIT_LOC_STRINGS = YES;
				SWIFT_VERSION = 5.0;
				TARGETED_DEVICE_FAMILY = "1,2";
			};
			name = Release;
		};
/* End XCBuildConfiguration section */

/* Begin XCConfigurationList section */
		E7AAFD5C2CE510A200B54A0E /* Build configuration list for PBXProject "TheRickAndMortyApp" */ = {
			isa = XCConfigurationList;
			buildConfigurations = (
				E7AAFD732CE510A300B54A0E /* Debug */,
				E7AAFD742CE510A300B54A0E /* Release */,
			);
			defaultConfigurationIsVisible = 0;
			defaultConfigurationName = Release;
		};
		E7AAFD752CE510A300B54A0E /* Build configuration list for PBXNativeTarget "TheRickAndMortyApp" */ = {
			isa = XCConfigurationList;
			buildConfigurations = (
				E7AAFD762CE510A300B54A0E /* Debug */,
				E7AAFD772CE510A300B54A0E /* Release */,
			);
			defaultConfigurationIsVisible = 0;
			defaultConfigurationName = Release;
		};
/* End XCConfigurationList section */
	};
	rootObject = E7AAFD592CE510A200B54A0E /* Project object */;
}
